// !$*UTF8*$!
{
	archiveVersion = 1;
	classes = {
	};
	objectVersion = 46;
	objects = {

/* Begin PBXCopyFilesBuildPhase section */
		FB26D2B01A278AA0000EA30D /* CopyFiles */ = {
			isa = PBXCopyFilesBuildPhase;
			buildActionMask = 2147483647;
			dstPath = /usr/share/man/man1/;
			dstSubfolderSpec = 0;
			files = (
			);
			runOnlyForDeploymentPostprocessing = 1;
		};
/* End PBXCopyFilesBuildPhase section */

/* Begin PBXFileReference section */
		FB26D2B21A278AA0000EA30D /* LlamaCalculus */ = {isa = PBXFileReference; explicitFileType = "compiled.mach-o.executable"; includeInIndex = 0; path = LlamaCalculus; sourceTree = BUILT_PRODUCTS_DIR; };
		FB26D2BC1A278AD9000EA30D /* Grapher.playground */ = {isa = PBXFileReference; lastKnownFileType = file.playground; path = Grapher.playground; sourceTree = "<group>"; };
		FB3D5CB51A2D097D00F610D8 /* Reduce.playground */ = {isa = PBXFileReference; lastKnownFileType = file.playground; path = Reduce.playground; sourceTree = "<group>"; };
		FB3D5CB71A2D26A100F610D8 /* OptionalChain.playground */ = {isa = PBXFileReference; lastKnownFileType = file.playground; path = OptionalChain.playground; sourceTree = "<group>"; };
		FB41A4D41A2BDEEB0026993A /* Lazy.playground */ = {isa = PBXFileReference; lastKnownFileType = file.playground; path = Lazy.playground; sourceTree = "<group>"; };
		FB5AB4751A293C08009DEED0 /* WikiSearch.playground */ = {isa = PBXFileReference; lastKnownFileType = file.playground; path = WikiSearch.playground; sourceTree = "<group>"; };
		FBAFF8B31A28288800345E91 /* Customer.playground */ = {isa = PBXFileReference; lastKnownFileType = file.playground; path = Customer.playground; sourceTree = "<group>"; };
		FBAFF8B41A29034800345E91 /* Login.playground */ = {isa = PBXFileReference; lastKnownFileType = file.playground; path = Login.playground; sourceTree = "<group>"; };
		FBB631B91A2A45DD0020D949 /* WikiErrors.playground */ = {isa = PBXFileReference; lastKnownFileType = file.playground; path = WikiErrors.playground; sourceTree = "<group>"; };
		FBD3192E1A2BB3D1005A42D7 /* WikiSearchFlatMap.playground */ = {isa = PBXFileReference; lastKnownFileType = file.playground; path = WikiSearchFlatMap.playground; sourceTree = "<group>"; };
		FBD3192F1A2BB726005A42D7 /* WikiSearchBind.playground */ = {isa = PBXFileReference; lastKnownFileType = file.playground; path = WikiSearchBind.playground; sourceTree = "<group>"; };
		FBE069A21A2AABE40084D2C1 /* WikiResult.playground */ = {isa = PBXFileReference; lastKnownFileType = file.playground; path = WikiResult.playground; sourceTree = "<group>"; };
		FBE069A31A2B7CFC0084D2C1 /* WikiSearchDecompose.playground */ = {isa = PBXFileReference; lastKnownFileType = file.playground; path = WikiSearchDecompose.playground; sourceTree = "<group>"; };
/* End PBXFileReference section */

/* Begin PBXFrameworksBuildPhase section */
		FB26D2AF1A278AA0000EA30D /* Frameworks */ = {
			isa = PBXFrameworksBuildPhase;
			buildActionMask = 2147483647;
			files = (
			);
			runOnlyForDeploymentPostprocessing = 0;
		};
/* End PBXFrameworksBuildPhase section */

/* Begin PBXGroup section */
		FB26D2A91A278AA0000EA30D = {
			isa = PBXGroup;
			children = (
				FB26D2B41A278AA0000EA30D /* LlamaCalculus */,
				FB26D2B31A278AA0000EA30D /* Products */,
			);
			sourceTree = "<group>";
		};
		FB26D2B31A278AA0000EA30D /* Products */ = {
			isa = PBXGroup;
			children = (
				FB26D2B21A278AA0000EA30D /* LlamaCalculus */,
			);
			name = Products;
			sourceTree = "<group>";
		};
		FB26D2B41A278AA0000EA30D /* LlamaCalculus */ = {
			isa = PBXGroup;
			children = (
				FB26D2BC1A278AD9000EA30D /* Grapher.playground */,
				FB5AB4751A293C08009DEED0 /* WikiSearch.playground */,
				FBE069A31A2B7CFC0084D2C1 /* WikiSearchDecompose.playground */,
				FBD3192E1A2BB3D1005A42D7 /* WikiSearchFlatMap.playground */,
				FB3D5CB71A2D26A100F610D8 /* OptionalChain.playground */,
				FBD3192F1A2BB726005A42D7 /* WikiSearchBind.playground */,
				FBB631B91A2A45DD0020D949 /* WikiErrors.playground */,
				FBE069A21A2AABE40084D2C1 /* WikiResult.playground */,
				FBAFF8B31A28288800345E91 /* Customer.playground */,
				FBAFF8B41A29034800345E91 /* Login.playground */,
				FB41A4D41A2BDEEB0026993A /* Lazy.playground */,
				FB3D5CB51A2D097D00F610D8 /* Reduce.playground */,
			);
			path = LlamaCalculus;
			sourceTree = "<group>";
		};
/* End PBXGroup section */

/* Begin PBXNativeTarget section */
		FB26D2B11A278AA0000EA30D /* LlamaCalculus */ = {
			isa = PBXNativeTarget;
			buildConfigurationList = FB26D2B91A278AA0000EA30D /* Build configuration list for PBXNativeTarget "LlamaCalculus" */;
			buildPhases = (
				FB26D2AE1A278AA0000EA30D /* Sources */,
				FB26D2AF1A278AA0000EA30D /* Frameworks */,
				FB26D2B01A278AA0000EA30D /* CopyFiles */,
			);
			buildRules = (
			);
			dependencies = (
			);
			name = LlamaCalculus;
			productName = LlamaCalculus;
			productReference = FB26D2B21A278AA0000EA30D /* LlamaCalculus */;
			productType = "com.apple.product-type.tool";
		};
/* End PBXNativeTarget section */

/* Begin PBXProject section */
		FB26D2AA1A278AA0000EA30D /* Project object */ = {
			isa = PBXProject;
			attributes = {
				LastUpgradeCheck = 0620;
				ORGANIZATIONNAME = "Rob Napier";
				TargetAttributes = {
					FB26D2B11A278AA0000EA30D = {
						CreatedOnToolsVersion = 6.2;
					};
				};
			};
			buildConfigurationList = FB26D2AD1A278AA0000EA30D /* Build configuration list for PBXProject "LlamaCalculus" */;
			compatibilityVersion = "Xcode 3.2";
			developmentRegion = English;
			hasScannedForEncodings = 0;
			knownRegions = (
				en,
			);
			mainGroup = FB26D2A91A278AA0000EA30D;
			productRefGroup = FB26D2B31A278AA0000EA30D /* Products */;
			projectDirPath = "";
			projectRoot = "";
			targets = (
				FB26D2B11A278AA0000EA30D /* LlamaCalculus */,
			);
		};
/* End PBXProject section */

/* Begin PBXSourcesBuildPhase section */
		FB26D2AE1A278AA0000EA30D /* Sources */ = {
			isa = PBXSourcesBuildPhase;
			buildActionMask = 2147483647;
			files = (
			);
			runOnlyForDeploymentPostprocessing = 0;
		};
/* End PBXSourcesBuildPhase section */

/* Begin XCBuildConfiguration section */
		FB26D2B71A278AA0000EA30D /* Debug */ = {
			isa = XCBuildConfiguration;
			buildSettings = {
				ALWAYS_SEARCH_USER_PATHS = NO;
				CLANG_CXX_LANGUAGE_STANDARD = "gnu++0x";
				CLANG_CXX_LIBRARY = "libc++";
				CLANG_ENABLE_MODULES = YES;
				CLANG_ENABLE_OBJC_ARC = YES;
				CLANG_WARN_BOOL_CONVERSION = YES;
				CLANG_WARN_CONSTANT_CONVERSION = YES;
				CLANG_WARN_DIRECT_OBJC_ISA_USAGE = YES_ERROR;
				CLANG_WARN_EMPTY_BODY = YES;
				CLANG_WARN_ENUM_CONVERSION = YES;
				CLANG_WARN_INT_CONVERSION = YES;
				CLANG_WARN_OBJC_ROOT_CLASS = YES_ERROR;
				CLANG_WARN_UNREACHABLE_CODE = YES;
				CLANG_WARN__DUPLICATE_METHOD_MATCH = YES;
				COPY_PHASE_STRIP = NO;
				ENABLE_STRICT_OBJC_MSGSEND = YES;
				GCC_C_LANGUAGE_STANDARD = gnu99;
				GCC_DYNAMIC_NO_PIC = NO;
				GCC_OPTIMIZATION_LEVEL = 0;
				GCC_PREPROCESSOR_DEFINITIONS = (
					"DEBUG=1",
					"$(inherited)",
				);
				GCC_SYMBOLS_PRIVATE_EXTERN = NO;
				GCC_WARN_64_TO_32_BIT_CONVERSION = YES;
				GCC_WARN_ABOUT_RETURN_TYPE = YES_ERROR;
				GCC_WARN_UNDECLARED_SELECTOR = YES;
				GCC_WARN_UNINITIALIZED_AUTOS = YES_AGGRESSIVE;
				GCC_WARN_UNUSED_FUNCTION = YES;
				GCC_WARN_UNUSED_VARIABLE = YES;
				MACOSX_DEPLOYMENT_TARGET = 10.10;
				MTL_ENABLE_DEBUG_INFO = YES;
				ONLY_ACTIVE_ARCH = YES;
				SDKROOT = macosx;
				SWIFT_OPTIMIZATION_LEVEL = "-Onone";
			};
			name = Debug;
		};
		FB26D2B81A278AA0000EA30D /* Release */ = {
			isa = XCBuildConfiguration;
			buildSettings = {
				ALWAYS_SEARCH_USER_PATHS = NO;
				CLANG_CXX_LANGUAGE_STANDARD = "gnu++0x";
				CLANG_CXX_LIBRARY = "libc++";
				CLANG_ENABLE_MODULES = YES;
				CLANG_ENABLE_OBJC_ARC = YES;
				CLANG_WARN_BOOL_CONVERSION = YES;
				CLANG_WARN_CONSTANT_CONVERSION = YES;
				CLANG_WARN_DIRECT_OBJC_ISA_USAGE = YES_ERROR;
				CLANG_WARN_EMPTY_BODY = YES;
				CLANG_WARN_ENUM_CONVERSION = YES;
				CLANG_WARN_INT_CONVERSION = YES;
				CLANG_WARN_OBJC_ROOT_CLASS = YES_ERROR;
				CLANG_WARN_UNREACHABLE_CODE = YES;
				CLANG_WARN__DUPLICATE_METHOD_MATCH = YES;
				COPY_PHASE_STRIP = YES;
				DEBUG_INFORMATION_FORMAT = "dwarf-with-dsym";
				ENABLE_NS_ASSERTIONS = NO;
				ENABLE_STRICT_OBJC_MSGSEND = YES;
				GCC_C_LANGUAGE_STANDARD = gnu99;
				GCC_WARN_64_TO_32_BIT_CONVERSION = YES;
				GCC_WARN_ABOUT_RETURN_TYPE = YES_ERROR;
				GCC_WARN_UNDECLARED_SELECTOR = YES;
				GCC_WARN_UNINITIALIZED_AUTOS = YES_AGGRESSIVE;
				GCC_WARN_UNUSED_FUNCTION = YES;
				GCC_WARN_UNUSED_VARIABLE = YES;
				MACOSX_DEPLOYMENT_TARGET = 10.10;
				MTL_ENABLE_DEBUG_INFO = NO;
				SDKROOT = macosx;
			};
			name = Release;
		};
		FB26D2BA1A278AA0000EA30D /* Debug */ = {
			isa = XCBuildConfiguration;
			buildSettings = {
				PRODUCT_NAME = "$(TARGET_NAME)";
			};
			name = Debug;
		};
		FB26D2BB1A278AA0000EA30D /* Release */ = {
			isa = XCBuildConfiguration;
			buildSettings = {
				PRODUCT_NAME = "$(TARGET_NAME)";
			};
			name = Release;
		};
/* End XCBuildConfiguration section */

/* Begin XCConfigurationList section */
		FB26D2AD1A278AA0000EA30D /* Build configuration list for PBXProject "LlamaCalculus" */ = {
			isa = XCConfigurationList;
			buildConfigurations = (
				FB26D2B71A278AA0000EA30D /* Debug */,
				FB26D2B81A278AA0000EA30D /* Release */,
			);
			defaultConfigurationIsVisible = 0;
			defaultConfigurationName = Release;
		};
		FB26D2B91A278AA0000EA30D /* Build configuration list for PBXNativeTarget "LlamaCalculus" */ = {
			isa = XCConfigurationList;
			buildConfigurations = (
				FB26D2BA1A278AA0000EA30D /* Debug */,
				FB26D2BB1A278AA0000EA30D /* Release */,
			);
			defaultConfigurationIsVisible = 0;
			defaultConfigurationName = Release;
		};
/* End XCConfigurationList section */
	};
	rootObject = FB26D2AA1A278AA0000EA30D /* Project object */;
}
